<Solution>
  <Folder Name="/src/" />
  <Folder Name="/src/Base/">
    <Project Path="src/Base/Gamem.csproj" />
  </Folder>
  <Folder Name="/src/Godot/">
    <Project Path="src/Godot/Gamem.Godot.csproj" />
  </Folder>
  <Folder Name="/src/MonoGame/">
    <Project Path="src/MonoGame/Gamem.MonoGame.csproj" />
  </Folder>
</Solution>
