<Solution>
  <Folder Name="/src/" />
  <Folder Name="/src/Base/">
    <Project Path="src/C#/Base/Gamem.csproj" />
  </Folder>
  <Folder Name="/src/C#/" />
  <Folder Name="/src/C#/Stride/">
    <Project Path="src/C#/Stride/Gamem.Stride.csproj" />
  </Folder>
  <Folder Name="/src/Godot/">
    <Project Path="src/C#/Godot/Gamem.Godot.csproj" />
  </Folder>
  <Folder Name="/src/MonoGame/">
    <Project Path="src/C#/MonoGame/Gamem.MonoGame.csproj" />
  </Folder>
</Solution>
