<Solution>
  <Folder Name="/src/" />
  <Folder Name="/src/Base/">
    <Project Path="src/Csharp/Base/Gamem.csproj" />
  </Folder>
  <Folder Name="/src/C#/" />
  <Folder Name="/src/C#/Stride/">
    <Project Path="src/Csharp/Stride/Gamem.Stride.csproj" />
  </Folder>
  <Folder Name="/src/Godot/">
    <Project Path="src/Csharp/Godot/Gamem.Godot.csproj" />
  </Folder>
  <Folder Name="/src/MonoGame/">
    <Project Path="src/Csharp/MonoGame/Gamem.MonoGame.csproj" />
  </Folder>
  <Folder Name="/Tests/" />
  <Folder Name="/Tests/Csharp/">
    <Project Path="Tests/Unit/Csharp/Gamem.Tests.csproj" />
  </Folder>
</Solution>
